
Microsoft Visual Studio Solution File, Format Version 12.00
# Visual Studio Version 17
VisualStudioVersion = 17.13.35931.197 d17.13
MinimumVisualStudioVersion = 10.0.40219.1
Project("{FAE04EC0-301F-11D3-BF4B-00C04F79EFBC}") = "Veterinaria.API", "Veterinaria.API.csproj", "{087232A8-9641-4859-8267-047AB7001FCF}"
EndProject
Global
	GlobalSection(SolutionConfigurationPlatforms) = preSolution
		Debug|Any CPU = Debug|Any CPU
		Release|Any CPU = Release|Any CPU
	EndGlobalSection
	GlobalSection(ProjectConfigurationPlatforms) = postSolution
		{087232A8-9641-4859-8267-047AB7001FCF}.Debug|Any CPU.ActiveCfg = Debug|Any CPU
		{087232A8-9641-4859-8267-047AB7001FCF}.Debug|Any CPU.Build.0 = Debug|Any CPU
		{087232A8-9641-4859-8267-047AB7001FCF}.Release|Any CPU.ActiveCfg = Release|Any CPU
		{087232A8-9641-4859-8267-047AB7001FCF}.Release|Any CPU.Build.0 = Release|Any CPU
	EndGlobalSection
	GlobalSection(SolutionProperties) = preSolution
		HideSolutionNode = FALSE
	EndGlobalSection
	GlobalSection(ExtensibilityGlobals) = postSolution
		SolutionGuid = {92961B5F-56E7-4E81-BBE3-5F56E935A497}
	EndGlobalSection
EndGlobal
